
Microsoft Visual Studio Solution File, Format Version 12.00
# Visual Studio 2013
VisualStudioVersion = 12.0.40629.0
MinimumVisualStudioVersion = 10.0.40219.1
Project("{8BC9CEB8-8B4A-11D0-8D11-00A0C91BC942}") = "리스트뷰", "리스트뷰\리스트뷰.vcxproj", "{6E4F5785-5E6F-4A25-9189-AB382B0413D9}"
EndProject
Project("{8BC9CEB8-8B4A-11D0-8D11-00A0C91BC942}") = "트리뷰", "트리뷰\트리뷰.vcxproj", "{814419F9-296E-43E9-92A8-0DA4FE4B028B}"
EndProject
Project("{8BC9CEB8-8B4A-11D0-8D11-00A0C91BC942}") = "스크롤뷰", "스크롤뷰\스크롤뷰.vcxproj", "{C171BC72-D592-42DB-93C4-322802D28C1A}"
EndProject
Project("{8BC9CEB8-8B4A-11D0-8D11-00A0C91BC942}") = "HTML뷰", "HTML뷰\HTML뷰.vcxproj", "{FC0D7783-F0E8-4EAF-B96E-F12EEF171884}"
EndProject
Global
	GlobalSection(SolutionConfigurationPlatforms) = preSolution
		Debug|Win32 = Debug|Win32
		Release|Win32 = Release|Win32
	EndGlobalSection
	GlobalSection(ProjectConfigurationPlatforms) = postSolution
		{6E4F5785-5E6F-4A25-9189-AB382B0413D9}.Debug|Win32.ActiveCfg = Debug|Win32
		{6E4F5785-5E6F-4A25-9189-AB382B0413D9}.Debug|Win32.Build.0 = Debug|Win32
		{6E4F5785-5E6F-4A25-9189-AB382B0413D9}.Release|Win32.ActiveCfg = Release|Win32
		{6E4F5785-5E6F-4A25-9189-AB382B0413D9}.Release|Win32.Build.0 = Release|Win32
		{814419F9-296E-43E9-92A8-0DA4FE4B028B}.Debug|Win32.ActiveCfg = Debug|Win32
		{814419F9-296E-43E9-92A8-0DA4FE4B028B}.Debug|Win32.Build.0 = Debug|Win32
		{814419F9-296E-43E9-92A8-0DA4FE4B028B}.Release|Win32.ActiveCfg = Release|Win32
		{814419F9-296E-43E9-92A8-0DA4FE4B028B}.Release|Win32.Build.0 = Release|Win32
		{C171BC72-D592-42DB-93C4-322802D28C1A}.Debug|Win32.ActiveCfg = Debug|Win32
		{C171BC72-D592-42DB-93C4-322802D28C1A}.Debug|Win32.Build.0 = Debug|Win32
		{C171BC72-D592-42DB-93C4-322802D28C1A}.Release|Win32.ActiveCfg = Release|Win32
		{C171BC72-D592-42DB-93C4-322802D28C1A}.Release|Win32.Build.0 = Release|Win32
		{FC0D7783-F0E8-4EAF-B96E-F12EEF171884}.Debug|Win32.ActiveCfg = Debug|Win32
		{FC0D7783-F0E8-4EAF-B96E-F12EEF171884}.Debug|Win32.Build.0 = Debug|Win32
		{FC0D7783-F0E8-4EAF-B96E-F12EEF171884}.Release|Win32.ActiveCfg = Release|Win32
		{FC0D7783-F0E8-4EAF-B96E-F12EEF171884}.Release|Win32.Build.0 = Release|Win32
	EndGlobalSection
	GlobalSection(SolutionProperties) = preSolution
		HideSolutionNode = FALSE
	EndGlobalSection
EndGlobal
