
Microsoft Visual Studio Solution File, Format Version 12.00
# Visual Studio 2013
VisualStudioVersion = 12.0.40629.0
MinimumVisualStudioVersion = 10.0.40219.1
Project("{8BC9CEB8-8B4A-11D0-8D11-00A0C91BC942}") = "WorkThread", "WorkThread\WorkThread.vcxproj", "{6911642D-7E96-4F88-8FF9-1DA086AAE355}"
EndProject
Project("{8BC9CEB8-8B4A-11D0-8D11-00A0C91BC942}") = "WorkThread2", "WorkThread2\WorkThread2.vcxproj", "{43029EB5-C883-4EE3-8AB9-5D8F1D5B5E67}"
EndProject
Global
	GlobalSection(SolutionConfigurationPlatforms) = preSolution
		Debug|Win32 = Debug|Win32
		Release|Win32 = Release|Win32
	EndGlobalSection
	GlobalSection(ProjectConfigurationPlatforms) = postSolution
		{6911642D-7E96-4F88-8FF9-1DA086AAE355}.Debug|Win32.ActiveCfg = Debug|Win32
		{6911642D-7E96-4F88-8FF9-1DA086AAE355}.Debug|Win32.Build.0 = Debug|Win32
		{6911642D-7E96-4F88-8FF9-1DA086AAE355}.Release|Win32.ActiveCfg = Release|Win32
		{6911642D-7E96-4F88-8FF9-1DA086AAE355}.Release|Win32.Build.0 = Release|Win32
		{43029EB5-C883-4EE3-8AB9-5D8F1D5B5E67}.Debug|Win32.ActiveCfg = Debug|Win32
		{43029EB5-C883-4EE3-8AB9-5D8F1D5B5E67}.Debug|Win32.Build.0 = Debug|Win32
		{43029EB5-C883-4EE3-8AB9-5D8F1D5B5E67}.Release|Win32.ActiveCfg = Release|Win32
		{43029EB5-C883-4EE3-8AB9-5D8F1D5B5E67}.Release|Win32.Build.0 = Release|Win32
	EndGlobalSection
	GlobalSection(SolutionProperties) = preSolution
		HideSolutionNode = FALSE
	EndGlobalSection
EndGlobal
