
Microsoft Visual Studio Solution File, Format Version 12.00
# Visual Studio 2013
VisualStudioVersion = 12.0.40629.0
MinimumVisualStudioVersion = 10.0.40219.1
Project("{8BC9CEB8-8B4A-11D0-8D11-00A0C91BC942}") = "SDI", "SDI\SDI.vcxproj", "{486C07D4-3F29-46BA-8371-C94F66F80D26}"
EndProject
Project("{8BC9CEB8-8B4A-11D0-8D11-00A0C91BC942}") = "동적분할원도우", "동적분할원도우\동적분할원도우.vcxproj", "{033CEE2B-6D16-40E7-AEB2-C6F8E27636A9}"
EndProject
Global
	GlobalSection(SolutionConfigurationPlatforms) = preSolution
		Debug|Win32 = Debug|Win32
		Release|Win32 = Release|Win32
	EndGlobalSection
	GlobalSection(ProjectConfigurationPlatforms) = postSolution
		{486C07D4-3F29-46BA-8371-C94F66F80D26}.Debug|Win32.ActiveCfg = Debug|Win32
		{486C07D4-3F29-46BA-8371-C94F66F80D26}.Debug|Win32.Build.0 = Debug|Win32
		{486C07D4-3F29-46BA-8371-C94F66F80D26}.Release|Win32.ActiveCfg = Release|Win32
		{486C07D4-3F29-46BA-8371-C94F66F80D26}.Release|Win32.Build.0 = Release|Win32
		{033CEE2B-6D16-40E7-AEB2-C6F8E27636A9}.Debug|Win32.ActiveCfg = Debug|Win32
		{033CEE2B-6D16-40E7-AEB2-C6F8E27636A9}.Debug|Win32.Build.0 = Debug|Win32
		{033CEE2B-6D16-40E7-AEB2-C6F8E27636A9}.Release|Win32.ActiveCfg = Release|Win32
		{033CEE2B-6D16-40E7-AEB2-C6F8E27636A9}.Release|Win32.Build.0 = Release|Win32
	EndGlobalSection
	GlobalSection(SolutionProperties) = preSolution
		HideSolutionNode = FALSE
	EndGlobalSection
EndGlobal
