
Microsoft Visual Studio Solution File, Format Version 12.00
# Visual Studio 2013
VisualStudioVersion = 12.0.40629.0
MinimumVisualStudioVersion = 10.0.40219.1
Project("{8BC9CEB8-8B4A-11D0-8D11-00A0C91BC942}") = "일반원도우만들기", "일반원도우만들기\일반원도우만들기.vcxproj", "{B74C8505-18DB-4F70-AD20-A989CFCCA814}"
EndProject
Project("{8BC9CEB8-8B4A-11D0-8D11-00A0C91BC942}") = "대화상자에서만들기", "대화상자에서만들기\대화상자에서만들기.vcxproj", "{6BD2E721-7EC4-450D-B793-8C2F00FE5C15}"
EndProject
Project("{8BC9CEB8-8B4A-11D0-8D11-00A0C91BC942}") = "정적컨트롤", "정적컨트롤\정적컨트롤.vcxproj", "{25146D3A-735F-4730-8C34-3A713BA22542}"
EndProject
Project("{8BC9CEB8-8B4A-11D0-8D11-00A0C91BC942}") = "고급컨트롤기법", "고급컨트롤기법\고급컨트롤기법.vcxproj", "{796D1130-0F41-40F7-919C-8E871602310A}"
EndProject
Global
	GlobalSection(SolutionConfigurationPlatforms) = preSolution
		Debug|Win32 = Debug|Win32
		Release|Win32 = Release|Win32
	EndGlobalSection
	GlobalSection(ProjectConfigurationPlatforms) = postSolution
		{B74C8505-18DB-4F70-AD20-A989CFCCA814}.Debug|Win32.ActiveCfg = Debug|Win32
		{B74C8505-18DB-4F70-AD20-A989CFCCA814}.Debug|Win32.Build.0 = Debug|Win32
		{B74C8505-18DB-4F70-AD20-A989CFCCA814}.Release|Win32.ActiveCfg = Release|Win32
		{B74C8505-18DB-4F70-AD20-A989CFCCA814}.Release|Win32.Build.0 = Release|Win32
		{6BD2E721-7EC4-450D-B793-8C2F00FE5C15}.Debug|Win32.ActiveCfg = Debug|Win32
		{6BD2E721-7EC4-450D-B793-8C2F00FE5C15}.Debug|Win32.Build.0 = Debug|Win32
		{6BD2E721-7EC4-450D-B793-8C2F00FE5C15}.Release|Win32.ActiveCfg = Release|Win32
		{6BD2E721-7EC4-450D-B793-8C2F00FE5C15}.Release|Win32.Build.0 = Release|Win32
		{25146D3A-735F-4730-8C34-3A713BA22542}.Debug|Win32.ActiveCfg = Debug|Win32
		{25146D3A-735F-4730-8C34-3A713BA22542}.Debug|Win32.Build.0 = Debug|Win32
		{25146D3A-735F-4730-8C34-3A713BA22542}.Release|Win32.ActiveCfg = Release|Win32
		{25146D3A-735F-4730-8C34-3A713BA22542}.Release|Win32.Build.0 = Release|Win32
		{796D1130-0F41-40F7-919C-8E871602310A}.Debug|Win32.ActiveCfg = Debug|Win32
		{796D1130-0F41-40F7-919C-8E871602310A}.Debug|Win32.Build.0 = Debug|Win32
		{796D1130-0F41-40F7-919C-8E871602310A}.Release|Win32.ActiveCfg = Release|Win32
		{796D1130-0F41-40F7-919C-8E871602310A}.Release|Win32.Build.0 = Release|Win32
	EndGlobalSection
	GlobalSection(SolutionProperties) = preSolution
		HideSolutionNode = FALSE
	EndGlobalSection
EndGlobal
